PODS:
  - Aha_CustomControl (0.1.0):
    - AlamofireImage (~> 3.3.0)
    - AlamofireNetworkActivityIndicator (~> 2.0)
    - AlamofireObjectMapper (~> 5.0)
    - AppRouter (~> 4.1.2)
    - DynamicColor (~> 4.0.2)
    - HandySwift (~> 2.4.0)
    - KeychainAccess (~> 3.1.0)
    - Localize-Swift (~> 2.0.0)
    - MaterialTextField (~> 0.2.1)
    - NibDesignable (~> 3.0.0)
    - Realm (~> 3.0.2)
    - RealmSwift (~> 3.0.2)
    - RxRealm (~> 0.7.5)
    - SideMenuController (~> 0.2.4)
    - SwiftDate (~> 4.3.0)
    - XLActionController (~> 4.0.0)
  - Alamofire (4.6.0)
  - AlamofireImage (3.3.0):
    - Alamofire (~> 4.5)
  - AlamofireNetworkActivityIndicator (2.2.0):
    - Alamofire (~> 4.5)
  - AlamofireObjectMapper (5.0.0):
    - Alamofire (~> 4.1)
    - ObjectMapper (~> 3.0)
  - AppRouter (4.1.2):
    - AppRouter/Core (= 4.1.2)
  - AppRouter/Core (4.1.2)
  - DynamicColor (4.0.2)
  - HandySwift (2.4.0)
  - KeychainAccess (3.1.0)
  - Localize-Swift (2.0.0)
  - MaterialTextField (0.2.1)
  - NibDesignable (3.0.0)
  - ObjectMapper (3.1.0)
  - Realm (3.0.2):
    - Realm/Headers (= 3.0.2)
  - Realm/Headers (3.0.2)
  - RealmSwift (3.0.2):
    - Realm (= 3.0.2)
  - RxRealm (0.7.5):
    - RealmSwift (~> 3.0)
    - RxSwift (~> 4.0)
  - RxSwift (4.1.2)
  - SideMenuController (0.2.4)
  - SwiftDate (4.3.0)
  - XLActionController (4.0.0):
    - XLActionController/Core (= 4.0.0)
  - XLActionController/Core (4.0.0)

DEPENDENCIES:
  - Aha_CustomControl (from `../`)

EXTERNAL SOURCES:
  Aha_CustomControl:
    :path: ../

SPEC CHECKSUMS:
  Aha_CustomControl: 91882690b30eb19d5df045496e1c2c80fbfa5268
  Alamofire: f41a599bd63041760b26d393ec1069d9d7b917f4
  AlamofireImage: 2e784dc5d00f04903a52c1d169181469c805c3df
  AlamofireNetworkActivityIndicator: 81e1630e7cfed22a4e4e82a174c59e651dc4f8ca
  AlamofireObjectMapper: 5fafc816351cbbc0d486611aaeba7461c0cbad49
  AppRouter: 0ae5dd1e0d37d538891a3298ca267144fcdc0341
  DynamicColor: c7adcfe871781a2b39877a5774e452ba51b79eb3
  HandySwift: f45ddf58a1d8a60cb58a3214bc4f87814874fd41
  KeychainAccess: 94c5540b32eabf7bc32bfb976a268e8ea05fd6da
  Localize-Swift: c798ec9286494866f7068f85f7c71283ac5bdab4
  MaterialTextField: f876a39d571eeece872af6a4da421e3bd065fe0b
  NibDesignable: 6ccf1e54135cb05be0a78f803b9a8d78125a7d6d
  ObjectMapper: 20505058f54e5c3ca69e1d6de9897d152a5369a6
  Realm: 6f23fd1f178a09342eac21bfa7c2bf4312a7a180
  RealmSwift: 695393add1b8f9d5fa75dd16e6355cf3935f71e2
  RxRealm: a6c6c0a07cb61f34209969ca6657734edfdfff30
  RxSwift: e49536837d9901277638493ea537394d4b55f570
  SideMenuController: b463d2b3aa58e2afe57f57a07938fa9a647894ca
  SwiftDate: 64e2312711c5c506f7b51794308ce91f19eb494a
  XLActionController: 7e88fece1799e61357cb00b1cc67104d66ec4d2c

PODFILE CHECKSUM: d02d1342676aebfb85ebcf4c062091ef427ae61e

COCOAPODS: 1.4.0
